
Microsoft Visual Studio Solution File, Format Version 11.00
# Visual Studio 2010
Project("{FAE04EC0-301F-11D3-BF4B-00C04F79EFBC}") = "MCAAPIDemo", "MCAAPIDemo\MCAAPIDemo.csproj", "{0D756C05-DDBD-4DAF-A998-F5D91BDE78C1}"
EndProject
Project("{FAE04EC0-301F-11D3-BF4B-00C04F79EFBC}") = "Web.Business", "Web.Business\Web.Business.csproj", "{8F07DB97-CD50-48FE-8BA2-0D79DE32036D}"
EndProject
Project("{FAE04EC0-301F-11D3-BF4B-00C04F79EFBC}") = "Web.Common", "Web.Common\Web.Common.csproj", "{F5D1C51F-0E34-4062-9D48-59FC06AED200}"
EndProject
Global
	GlobalSection(SolutionConfigurationPlatforms) = preSolution
		Debug|Any CPU = Debug|Any CPU
		Release|Any CPU = Release|Any CPU
	EndGlobalSection
	GlobalSection(ProjectConfigurationPlatforms) = postSolution
		{0D756C05-DDBD-4DAF-A998-F5D91BDE78C1}.Debug|Any CPU.ActiveCfg = Debug|Any CPU
		{0D756C05-DDBD-4DAF-A998-F5D91BDE78C1}.Debug|Any CPU.Build.0 = Debug|Any CPU
		{0D756C05-DDBD-4DAF-A998-F5D91BDE78C1}.Release|Any CPU.ActiveCfg = Release|Any CPU
		{0D756C05-DDBD-4DAF-A998-F5D91BDE78C1}.Release|Any CPU.Build.0 = Release|Any CPU
		{8F07DB97-CD50-48FE-8BA2-0D79DE32036D}.Debug|Any CPU.ActiveCfg = Debug|Any CPU
		{8F07DB97-CD50-48FE-8BA2-0D79DE32036D}.Debug|Any CPU.Build.0 = Debug|Any CPU
		{8F07DB97-CD50-48FE-8BA2-0D79DE32036D}.Release|Any CPU.ActiveCfg = Release|Any CPU
		{8F07DB97-CD50-48FE-8BA2-0D79DE32036D}.Release|Any CPU.Build.0 = Release|Any CPU
		{F5D1C51F-0E34-4062-9D48-59FC06AED200}.Debug|Any CPU.ActiveCfg = Debug|Any CPU
		{F5D1C51F-0E34-4062-9D48-59FC06AED200}.Debug|Any CPU.Build.0 = Debug|Any CPU
		{F5D1C51F-0E34-4062-9D48-59FC06AED200}.Release|Any CPU.ActiveCfg = Release|Any CPU
		{F5D1C51F-0E34-4062-9D48-59FC06AED200}.Release|Any CPU.Build.0 = Release|Any CPU
	EndGlobalSection
	GlobalSection(SolutionProperties) = preSolution
		HideSolutionNode = FALSE
	EndGlobalSection
EndGlobal
