
Microsoft Visual Studio Solution File, Format Version 10.00
# Visual Studio 2008
Project("{FAE04EC0-301F-11D3-BF4B-00C04F79EFBC}") = "USLoyaltySecurityServiceLayer", "USLoyaltySecurityServiceLayer\USLoyaltySecurityServiceLayer.csproj", "{327E289E-4587-435A-9875-9C7F85691CC1}"
EndProject
Global
	GlobalSection(RationalClearCase) = preSolution
		SourceControlProvider = RationalClearCase
	EndGlobalSection
	GlobalSection(SolutionConfigurationPlatforms) = preSolution
		Debug|Any CPU = Debug|Any CPU
		Release|Any CPU = Release|Any CPU
	EndGlobalSection
	GlobalSection(ProjectConfigurationPlatforms) = postSolution
		{327E289E-4587-435A-9875-9C7F85691CC1}.Debug|Any CPU.ActiveCfg = Debug|Any CPU
		{327E289E-4587-435A-9875-9C7F85691CC1}.Debug|Any CPU.Build.0 = Debug|Any CPU
		{327E289E-4587-435A-9875-9C7F85691CC1}.Release|Any CPU.ActiveCfg = Release|Any CPU
		{327E289E-4587-435A-9875-9C7F85691CC1}.Release|Any CPU.Build.0 = Release|Any CPU
	EndGlobalSection
	GlobalSection(SolutionProperties) = preSolution
		HideSolutionNode = FALSE
	EndGlobalSection
EndGlobal
