
Microsoft Visual Studio Solution File, Format Version 11.00
# Visual Studio 2010
Project("{FAE04EC0-301F-11D3-BF4B-00C04F79EFBC}") = "InstoreClubcardReward.Business", "InstoreClubcardReward.Business\InstoreClubcardReward.Business.csproj", "{CCF2D095-DFAC-449A-9748-51153E9BA476}"
	ProjectSection(ProjectDependencies) = postProject
		{05813EB2-71AE-4EFF-88F2-29FE9FFC8CF1} = {05813EB2-71AE-4EFF-88F2-29FE9FFC8CF1}
	EndProjectSection
EndProject
Project("{FAE04EC0-301F-11D3-BF4B-00C04F79EFBC}") = "InstoreClubcardReward.Data", "InstoreClubcardReward.Data\InstoreClubcardReward.Data.csproj", "{A75C4496-6FE6-4B9E-AD7E-31996A68186E}"
EndProject
Project("{FAE04EC0-301F-11D3-BF4B-00C04F79EFBC}") = "InstoreClubcardRewardKiosk", "InstoreClubcardRewardKiosk\InstoreClubcardRewardKiosk.csproj", "{87194CB9-6181-4730-9CDA-3AC9067571F2}"
EndProject
Project("{FAE04EC0-301F-11D3-BF4B-00C04F79EFBC}") = "BigExchange.Data", "BigExchange.Data\BigExchange.Data.csproj", "{8AFC8536-4CDF-4782-AEC6-BC48F7B5DB15}"
EndProject
Project("{FAE04EC0-301F-11D3-BF4B-00C04F79EFBC}") = "BigExchange.Harness", "BigExchange.Harness\BigExchange.Harness.csproj", "{5CEE48C6-C448-41C9-A161-8C935E2D27A8}"
	ProjectSection(ProjectDependencies) = postProject
		{4F5D3D32-1363-4E58-9360-3F678E9A3775} = {4F5D3D32-1363-4E58-9360-3F678E9A3775}
	EndProjectSection
EndProject
Project("{FAE04EC0-301F-11D3-BF4B-00C04F79EFBC}") = "BigExchange.Service", "BigExchange.Service\BigExchange.Service.csproj", "{4F5D3D32-1363-4E58-9360-3F678E9A3775}"
	ProjectSection(ProjectDependencies) = postProject
		{8AFC8536-4CDF-4782-AEC6-BC48F7B5DB15} = {8AFC8536-4CDF-4782-AEC6-BC48F7B5DB15}
		{CCF2D095-DFAC-449A-9748-51153E9BA476} = {CCF2D095-DFAC-449A-9748-51153E9BA476}
	EndProjectSection
EndProject
Project("{F184B08F-C81C-45F6-A57F-5ABD9991F28F}") = "InstoreClubcardReward.NGC", "InstoreClubcardReward.NGC\InstoreClubcardReward.NGC.vbproj", "{05813EB2-71AE-4EFF-88F2-29FE9FFC8CF1}"
EndProject
Global
	GlobalSection(RationalClearCase) = preSolution
		SourceControlProvider = RationalClearCase
	EndGlobalSection
	GlobalSection(SolutionConfigurationPlatforms) = preSolution
		Debug|Any CPU = Debug|Any CPU
		Debug|Mixed Platforms = Debug|Mixed Platforms
		Debug|x64 = Debug|x64
		Debug|x86 = Debug|x86
		Release|Any CPU = Release|Any CPU
		Release|Mixed Platforms = Release|Mixed Platforms
		Release|x64 = Release|x64
		Release|x86 = Release|x86
	EndGlobalSection
	GlobalSection(ProjectConfigurationPlatforms) = postSolution
		{CCF2D095-DFAC-449A-9748-51153E9BA476}.Debug|Any CPU.ActiveCfg = Debug|Any CPU
		{CCF2D095-DFAC-449A-9748-51153E9BA476}.Debug|Any CPU.Build.0 = Debug|Any CPU
		{CCF2D095-DFAC-449A-9748-51153E9BA476}.Debug|Mixed Platforms.ActiveCfg = Debug|Any CPU
		{CCF2D095-DFAC-449A-9748-51153E9BA476}.Debug|Mixed Platforms.Build.0 = Debug|Any CPU
		{CCF2D095-DFAC-449A-9748-51153E9BA476}.Debug|x64.ActiveCfg = Debug|x64
		{CCF2D095-DFAC-449A-9748-51153E9BA476}.Debug|x64.Build.0 = Debug|x64
		{CCF2D095-DFAC-449A-9748-51153E9BA476}.Debug|x86.ActiveCfg = Debug|x64
		{CCF2D095-DFAC-449A-9748-51153E9BA476}.Release|Any CPU.ActiveCfg = Release|Any CPU
		{CCF2D095-DFAC-449A-9748-51153E9BA476}.Release|Any CPU.Build.0 = Release|Any CPU
		{CCF2D095-DFAC-449A-9748-51153E9BA476}.Release|Mixed Platforms.ActiveCfg = Release|Any CPU
		{CCF2D095-DFAC-449A-9748-51153E9BA476}.Release|Mixed Platforms.Build.0 = Release|Any CPU
		{CCF2D095-DFAC-449A-9748-51153E9BA476}.Release|x64.ActiveCfg = Release|x64
		{CCF2D095-DFAC-449A-9748-51153E9BA476}.Release|x64.Build.0 = Release|x64
		{CCF2D095-DFAC-449A-9748-51153E9BA476}.Release|x86.ActiveCfg = Release|x64
		{A75C4496-6FE6-4B9E-AD7E-31996A68186E}.Debug|Any CPU.ActiveCfg = Debug|Any CPU
		{A75C4496-6FE6-4B9E-AD7E-31996A68186E}.Debug|Any CPU.Build.0 = Debug|Any CPU
		{A75C4496-6FE6-4B9E-AD7E-31996A68186E}.Debug|Mixed Platforms.ActiveCfg = Debug|Any CPU
		{A75C4496-6FE6-4B9E-AD7E-31996A68186E}.Debug|Mixed Platforms.Build.0 = Debug|Any CPU
		{A75C4496-6FE6-4B9E-AD7E-31996A68186E}.Debug|x64.ActiveCfg = Debug|x64
		{A75C4496-6FE6-4B9E-AD7E-31996A68186E}.Debug|x64.Build.0 = Debug|x64
		{A75C4496-6FE6-4B9E-AD7E-31996A68186E}.Debug|x86.ActiveCfg = Debug|x64
		{A75C4496-6FE6-4B9E-AD7E-31996A68186E}.Release|Any CPU.ActiveCfg = Release|Any CPU
		{A75C4496-6FE6-4B9E-AD7E-31996A68186E}.Release|Any CPU.Build.0 = Release|Any CPU
		{A75C4496-6FE6-4B9E-AD7E-31996A68186E}.Release|Mixed Platforms.ActiveCfg = Release|Any CPU
		{A75C4496-6FE6-4B9E-AD7E-31996A68186E}.Release|Mixed Platforms.Build.0 = Release|Any CPU
		{A75C4496-6FE6-4B9E-AD7E-31996A68186E}.Release|x64.ActiveCfg = Release|x64
		{A75C4496-6FE6-4B9E-AD7E-31996A68186E}.Release|x64.Build.0 = Release|x64
		{A75C4496-6FE6-4B9E-AD7E-31996A68186E}.Release|x86.ActiveCfg = Release|x64
		{87194CB9-6181-4730-9CDA-3AC9067571F2}.Debug|Any CPU.ActiveCfg = Debug|Any CPU
		{87194CB9-6181-4730-9CDA-3AC9067571F2}.Debug|Any CPU.Build.0 = Debug|Any CPU
		{87194CB9-6181-4730-9CDA-3AC9067571F2}.Debug|Mixed Platforms.ActiveCfg = Debug|Any CPU
		{87194CB9-6181-4730-9CDA-3AC9067571F2}.Debug|Mixed Platforms.Build.0 = Debug|Any CPU
		{87194CB9-6181-4730-9CDA-3AC9067571F2}.Debug|x64.ActiveCfg = Debug|Any CPU
		{87194CB9-6181-4730-9CDA-3AC9067571F2}.Debug|x86.ActiveCfg = Debug|Any CPU
		{87194CB9-6181-4730-9CDA-3AC9067571F2}.Release|Any CPU.ActiveCfg = Release|Any CPU
		{87194CB9-6181-4730-9CDA-3AC9067571F2}.Release|Any CPU.Build.0 = Release|Any CPU
		{87194CB9-6181-4730-9CDA-3AC9067571F2}.Release|Mixed Platforms.ActiveCfg = Release|Any CPU
		{87194CB9-6181-4730-9CDA-3AC9067571F2}.Release|Mixed Platforms.Build.0 = Release|Any CPU
		{87194CB9-6181-4730-9CDA-3AC9067571F2}.Release|x64.ActiveCfg = Release|Any CPU
		{87194CB9-6181-4730-9CDA-3AC9067571F2}.Release|x86.ActiveCfg = Release|Any CPU
		{8AFC8536-4CDF-4782-AEC6-BC48F7B5DB15}.Debug|Any CPU.ActiveCfg = Debug|Any CPU
		{8AFC8536-4CDF-4782-AEC6-BC48F7B5DB15}.Debug|Any CPU.Build.0 = Debug|Any CPU
		{8AFC8536-4CDF-4782-AEC6-BC48F7B5DB15}.Debug|Mixed Platforms.ActiveCfg = Debug|Any CPU
		{8AFC8536-4CDF-4782-AEC6-BC48F7B5DB15}.Debug|Mixed Platforms.Build.0 = Debug|Any CPU
		{8AFC8536-4CDF-4782-AEC6-BC48F7B5DB15}.Debug|x64.ActiveCfg = Debug|Any CPU
		{8AFC8536-4CDF-4782-AEC6-BC48F7B5DB15}.Debug|x86.ActiveCfg = Debug|Any CPU
		{8AFC8536-4CDF-4782-AEC6-BC48F7B5DB15}.Release|Any CPU.ActiveCfg = Release|Any CPU
		{8AFC8536-4CDF-4782-AEC6-BC48F7B5DB15}.Release|Any CPU.Build.0 = Release|Any CPU
		{8AFC8536-4CDF-4782-AEC6-BC48F7B5DB15}.Release|Mixed Platforms.ActiveCfg = Release|Any CPU
		{8AFC8536-4CDF-4782-AEC6-BC48F7B5DB15}.Release|Mixed Platforms.Build.0 = Release|Any CPU
		{8AFC8536-4CDF-4782-AEC6-BC48F7B5DB15}.Release|x64.ActiveCfg = Release|Any CPU
		{8AFC8536-4CDF-4782-AEC6-BC48F7B5DB15}.Release|x86.ActiveCfg = Release|Any CPU
		{5CEE48C6-C448-41C9-A161-8C935E2D27A8}.Debug|Any CPU.ActiveCfg = Debug|x86
		{5CEE48C6-C448-41C9-A161-8C935E2D27A8}.Debug|Mixed Platforms.ActiveCfg = Debug|x86
		{5CEE48C6-C448-41C9-A161-8C935E2D27A8}.Debug|Mixed Platforms.Build.0 = Debug|x86
		{5CEE48C6-C448-41C9-A161-8C935E2D27A8}.Debug|x64.ActiveCfg = Debug|x86
		{5CEE48C6-C448-41C9-A161-8C935E2D27A8}.Debug|x86.ActiveCfg = Debug|x86
		{5CEE48C6-C448-41C9-A161-8C935E2D27A8}.Debug|x86.Build.0 = Debug|x86
		{5CEE48C6-C448-41C9-A161-8C935E2D27A8}.Release|Any CPU.ActiveCfg = Release|x86
		{5CEE48C6-C448-41C9-A161-8C935E2D27A8}.Release|Mixed Platforms.ActiveCfg = Release|x86
		{5CEE48C6-C448-41C9-A161-8C935E2D27A8}.Release|Mixed Platforms.Build.0 = Release|x86
		{5CEE48C6-C448-41C9-A161-8C935E2D27A8}.Release|x64.ActiveCfg = Release|x86
		{5CEE48C6-C448-41C9-A161-8C935E2D27A8}.Release|x86.ActiveCfg = Release|x86
		{5CEE48C6-C448-41C9-A161-8C935E2D27A8}.Release|x86.Build.0 = Release|x86
		{4F5D3D32-1363-4E58-9360-3F678E9A3775}.Debug|Any CPU.ActiveCfg = Debug|Any CPU
		{4F5D3D32-1363-4E58-9360-3F678E9A3775}.Debug|Any CPU.Build.0 = Debug|Any CPU
		{4F5D3D32-1363-4E58-9360-3F678E9A3775}.Debug|Mixed Platforms.ActiveCfg = Debug|Any CPU
		{4F5D3D32-1363-4E58-9360-3F678E9A3775}.Debug|Mixed Platforms.Build.0 = Debug|Any CPU
		{4F5D3D32-1363-4E58-9360-3F678E9A3775}.Debug|x64.ActiveCfg = Debug|Any CPU
		{4F5D3D32-1363-4E58-9360-3F678E9A3775}.Debug|x86.ActiveCfg = Debug|Any CPU
		{4F5D3D32-1363-4E58-9360-3F678E9A3775}.Release|Any CPU.ActiveCfg = Release|Any CPU
		{4F5D3D32-1363-4E58-9360-3F678E9A3775}.Release|Any CPU.Build.0 = Release|Any CPU
		{4F5D3D32-1363-4E58-9360-3F678E9A3775}.Release|Mixed Platforms.ActiveCfg = Release|Any CPU
		{4F5D3D32-1363-4E58-9360-3F678E9A3775}.Release|Mixed Platforms.Build.0 = Release|Any CPU
		{4F5D3D32-1363-4E58-9360-3F678E9A3775}.Release|x64.ActiveCfg = Release|Any CPU
		{4F5D3D32-1363-4E58-9360-3F678E9A3775}.Release|x86.ActiveCfg = Release|Any CPU
		{05813EB2-71AE-4EFF-88F2-29FE9FFC8CF1}.Debug|Any CPU.ActiveCfg = Debug|Any CPU
		{05813EB2-71AE-4EFF-88F2-29FE9FFC8CF1}.Debug|Any CPU.Build.0 = Debug|Any CPU
		{05813EB2-71AE-4EFF-88F2-29FE9FFC8CF1}.Debug|Mixed Platforms.ActiveCfg = Debug|Any CPU
		{05813EB2-71AE-4EFF-88F2-29FE9FFC8CF1}.Debug|Mixed Platforms.Build.0 = Debug|Any CPU
		{05813EB2-71AE-4EFF-88F2-29FE9FFC8CF1}.Debug|x64.ActiveCfg = Debug|x64
		{05813EB2-71AE-4EFF-88F2-29FE9FFC8CF1}.Debug|x64.Build.0 = Debug|x64
		{05813EB2-71AE-4EFF-88F2-29FE9FFC8CF1}.Debug|x86.ActiveCfg = Debug|x64
		{05813EB2-71AE-4EFF-88F2-29FE9FFC8CF1}.Release|Any CPU.ActiveCfg = Release|Any CPU
		{05813EB2-71AE-4EFF-88F2-29FE9FFC8CF1}.Release|Any CPU.Build.0 = Release|Any CPU
		{05813EB2-71AE-4EFF-88F2-29FE9FFC8CF1}.Release|Mixed Platforms.ActiveCfg = Release|Any CPU
		{05813EB2-71AE-4EFF-88F2-29FE9FFC8CF1}.Release|Mixed Platforms.Build.0 = Release|Any CPU
		{05813EB2-71AE-4EFF-88F2-29FE9FFC8CF1}.Release|x64.ActiveCfg = Release|x64
		{05813EB2-71AE-4EFF-88F2-29FE9FFC8CF1}.Release|x64.Build.0 = Release|x64
		{05813EB2-71AE-4EFF-88F2-29FE9FFC8CF1}.Release|x86.ActiveCfg = Release|x64
	EndGlobalSection
	GlobalSection(SolutionProperties) = preSolution
		HideSolutionNode = FALSE
	EndGlobalSection
EndGlobal
