
Microsoft Visual Studio Solution File, Format Version 10.00
# Visual Studio 2008
Project("{D183A3D8-5FD8-494B-B014-37F57B35E655}") = "NGCLCM", "NGCLCM\NGCLCM.dtproj", "{A9D7C53D-7A6E-4FDA-B02C-33B3A3E1E940}"
EndProject
Global
	GlobalSection(SolutionConfigurationPlatforms) = preSolution
		Development|Default = Development|Default
	EndGlobalSection
	GlobalSection(ProjectConfigurationPlatforms) = postSolution
		{A9D7C53D-7A6E-4FDA-B02C-33B3A3E1E940}.Development|Default.ActiveCfg = Development
		{A9D7C53D-7A6E-4FDA-B02C-33B3A3E1E940}.Development|Default.Build.0 = Development
	EndGlobalSection
	GlobalSection(SolutionProperties) = preSolution
		HideSolutionNode = FALSE
	EndGlobalSection
EndGlobal
