Microsoft Visual Studio Solution File, Format Version 10.00
# Visual Studio 2008
Project("{FAE04EC0-301F-11D3-BF4B-00C04F79EFBC}") = "IPOSService", "IPOSService.csproj", "{4F7F0D0A-03A5-4796-8F51-1079FCE559D9}"
EndProject
Global
	GlobalSection(SourceCodeControl) = preSolution
		SccNumberOfProjects = 1
		SccProjectName0 = \u0022$/NGC_V3_PP/IPOSService\u0022,\u0020BANIAAAA
		SccLocalPath0 = .
		SccProvider0 = MSSCCI:Microsoft\u0020Visual\u0020SourceSafe
	EndGlobalSection
	GlobalSection(SolutionConfigurationPlatforms) = preSolution
		Debug|Any CPU = Debug|Any CPU
		Release|Any CPU = Release|Any CPU
	EndGlobalSection
	GlobalSection(ProjectConfigurationPlatforms) = postSolution
		{4F7F0D0A-03A5-4796-8F51-1079FCE559D9}.Debug|Any CPU.ActiveCfg = Debug|Any CPU
		{4F7F0D0A-03A5-4796-8F51-1079FCE559D9}.Debug|Any CPU.Build.0 = Debug|Any CPU
		{4F7F0D0A-03A5-4796-8F51-1079FCE559D9}.Release|Any CPU.ActiveCfg = Release|Any CPU
		{4F7F0D0A-03A5-4796-8F51-1079FCE559D9}.Release|Any CPU.Build.0 = Release|Any CPU
	EndGlobalSection
	GlobalSection(SolutionProperties) = preSolution
		HideSolutionNode = FALSE
	EndGlobalSection
EndGlobal
