Microsoft Visual Studio Solution File, Format Version 10.00
# Visual Studio 2008
Project("{FAE04EC0-301F-11D3-BF4B-00C04F79EFBC}") = "BangkokPosHandler", "BangkokPosHandler.csproj", "{AC4479AC-6939-45F4-B119-CB709FC91CB0}"
EndProject
Global
	GlobalSection(SolutionConfigurationPlatforms) = preSolution
		Debug|Any CPU = Debug|Any CPU
		Release|Any CPU = Release|Any CPU
	EndGlobalSection
	GlobalSection(ProjectConfigurationPlatforms) = postSolution
		{AC4479AC-6939-45F4-B119-CB709FC91CB0}.Debug|Any CPU.ActiveCfg = Debug|Any CPU
		{AC4479AC-6939-45F4-B119-CB709FC91CB0}.Debug|Any CPU.Build.0 = Debug|Any CPU
		{AC4479AC-6939-45F4-B119-CB709FC91CB0}.Release|Any CPU.ActiveCfg = Release|Any CPU
		{AC4479AC-6939-45F4-B119-CB709FC91CB0}.Release|Any CPU.Build.0 = Release|Any CPU
	EndGlobalSection
	GlobalSection(SolutionProperties) = preSolution
		HideSolutionNode = FALSE
	EndGlobalSection
EndGlobal
