Microsoft Visual Studio Solution File, Format Version 10.00
# Visual Studio 2008
Project("{FAE04EC0-301F-11D3-BF4B-00C04F79EFBC}") = "IPosHandler", "IPosHandler.csproj", "{90AD959C-7FE0-421B-9381-CE7DD253BBEE}"
EndProject
Global
	GlobalSection(SourceCodeControl) = preSolution
		SccNumberOfProjects = 2
		SccLocalPath0 = .
		SccProjectUniqueName1 = IPosHandler.csproj
		SccLocalPath1 = .
	EndGlobalSection
	GlobalSection(SolutionConfigurationPlatforms) = preSolution
		Debug|Any CPU = Debug|Any CPU
		Release|Any CPU = Release|Any CPU
	EndGlobalSection
	GlobalSection(ProjectConfigurationPlatforms) = postSolution
		{90AD959C-7FE0-421B-9381-CE7DD253BBEE}.Debug|Any CPU.ActiveCfg = Debug|Any CPU
		{90AD959C-7FE0-421B-9381-CE7DD253BBEE}.Debug|Any CPU.Build.0 = Debug|Any CPU
		{90AD959C-7FE0-421B-9381-CE7DD253BBEE}.Release|Any CPU.ActiveCfg = Release|Any CPU
		{90AD959C-7FE0-421B-9381-CE7DD253BBEE}.Release|Any CPU.Build.0 = Release|Any CPU
	EndGlobalSection
	GlobalSection(SolutionProperties) = preSolution
		HideSolutionNode = FALSE
	EndGlobalSection
EndGlobal
