Microsoft Visual Studio Solution File, Format Version 10.00
# Visual Studio 2008
Project("{FAE04EC0-301F-11D3-BF4B-00C04F79EFBC}") = "OfflineTransactionsBatch V3.0", "OfflineTransactionsBatch V3.0.csproj", "{DD18BA7E-BDE6-4889-A21E-9FFA395717E8}"
EndProject
Global
	GlobalSection(SolutionConfigurationPlatforms) = preSolution
		Debug|Any CPU = Debug|Any CPU
		Release|Any CPU = Release|Any CPU
	EndGlobalSection
	GlobalSection(ProjectConfigurationPlatforms) = postSolution
		{DD18BA7E-BDE6-4889-A21E-9FFA395717E8}.Debug|Any CPU.ActiveCfg = Debug|Any CPU
		{DD18BA7E-BDE6-4889-A21E-9FFA395717E8}.Debug|Any CPU.Build.0 = Debug|Any CPU
		{DD18BA7E-BDE6-4889-A21E-9FFA395717E8}.Release|Any CPU.ActiveCfg = Release|Any CPU
		{DD18BA7E-BDE6-4889-A21E-9FFA395717E8}.Release|Any CPU.Build.0 = Release|Any CPU
	EndGlobalSection
	GlobalSection(SolutionProperties) = preSolution
		HideSolutionNode = FALSE
	EndGlobalSection
EndGlobal
