Microsoft Visual Studio Solution File, Format Version 10.00
# Visual Studio 2008
Project("{FAE04EC0-301F-11D3-BF4B-00C04F79EFBC}") = "ISharedUtils", "ISharedUtils.csproj", "{DA30DF0D-88D4-47DD-A38F-B628A79AC6DC}"
EndProject
Global
	GlobalSection(SourceCodeControl) = preSolution
		SccNumberOfProjects = 2
		SccLocalPath0 = .
		SccProjectUniqueName1 = ISharedUtils.csproj
		SccLocalPath1 = .
	EndGlobalSection
	GlobalSection(SolutionConfigurationPlatforms) = preSolution
		Debug|Any CPU = Debug|Any CPU
		Release|Any CPU = Release|Any CPU
	EndGlobalSection
	GlobalSection(ProjectConfigurationPlatforms) = postSolution
		{DA30DF0D-88D4-47DD-A38F-B628A79AC6DC}.Debug|Any CPU.ActiveCfg = Debug|Any CPU
		{DA30DF0D-88D4-47DD-A38F-B628A79AC6DC}.Debug|Any CPU.Build.0 = Debug|Any CPU
		{DA30DF0D-88D4-47DD-A38F-B628A79AC6DC}.Release|Any CPU.ActiveCfg = Release|Any CPU
		{DA30DF0D-88D4-47DD-A38F-B628A79AC6DC}.Release|Any CPU.Build.0 = Release|Any CPU
	EndGlobalSection
	GlobalSection(SolutionProperties) = preSolution
		HideSolutionNode = FALSE
	EndGlobalSection
EndGlobal
